
Microsoft Visual Studio Solution File, Format Version 12.00
# Visual Studio Version 17
VisualStudioVersion = 17.4.33213.308
MinimumVisualStudioVersion = 10.0.40219.1
Project("{FAE04EC0-301F-11D3-BF4B-00C04F79EFBC}") = "GenerateDbFromCodeFirst", "GenerateDbFromCodeFirst.csproj", "{7FD36E1E-F07D-4454-A7F3-8AC6116F1531}"
EndProject
Global
	GlobalSection(SolutionConfigurationPlatforms) = preSolution
		Debug|Any CPU = Debug|Any CPU
		Release|Any CPU = Release|Any CPU
	EndGlobalSection
	GlobalSection(ProjectConfigurationPlatforms) = postSolution
		{7FD36E1E-F07D-4454-A7F3-8AC6116F1531}.Debug|Any CPU.ActiveCfg = Debug|Any CPU
		{7FD36E1E-F07D-4454-A7F3-8AC6116F1531}.Debug|Any CPU.Build.0 = Debug|Any CPU
		{7FD36E1E-F07D-4454-A7F3-8AC6116F1531}.Release|Any CPU.ActiveCfg = Release|Any CPU
		{7FD36E1E-F07D-4454-A7F3-8AC6116F1531}.Release|Any CPU.Build.0 = Release|Any CPU
	EndGlobalSection
	GlobalSection(SolutionProperties) = preSolution
		HideSolutionNode = FALSE
	EndGlobalSection
	GlobalSection(ExtensibilityGlobals) = postSolution
		SolutionGuid = {1DBCA148-62E3-4105-B998-1161DE28C33F}
	EndGlobalSection
EndGlobal
